
Microsoft Visual Studio Solution File, Format Version 12.00
# Visual Studio Version 16
VisualStudioVersion = 16.0.31702.278
MinimumVisualStudioVersion = 10.0.40219.1
Project("{FAE04EC0-301F-11D3-BF4B-00C04F79EFBC}") = "EmployeeWage01", "EmployeeWage01\EmployeeWage01.csproj", "{15765BA8-72C1-4719-B7B8-1639D1A0EB6C}"
EndProject
Global
	GlobalSection(SolutionConfigurationPlatforms) = preSolution
		Debug|Any CPU = Debug|Any CPU
		Release|Any CPU = Release|Any CPU
	EndGlobalSection
	GlobalSection(ProjectConfigurationPlatforms) = postSolution
		{15765BA8-72C1-4719-B7B8-1639D1A0EB6C}.Debug|Any CPU.ActiveCfg = Debug|Any CPU
		{15765BA8-72C1-4719-B7B8-1639D1A0EB6C}.Debug|Any CPU.Build.0 = Debug|Any CPU
		{15765BA8-72C1-4719-B7B8-1639D1A0EB6C}.Release|Any CPU.ActiveCfg = Release|Any CPU
		{15765BA8-72C1-4719-B7B8-1639D1A0EB6C}.Release|Any CPU.Build.0 = Release|Any CPU
	EndGlobalSection
	GlobalSection(SolutionProperties) = preSolution
		HideSolutionNode = FALSE
	EndGlobalSection
	GlobalSection(ExtensibilityGlobals) = postSolution
		SolutionGuid = {BA46E194-8192-4F4B-8177-2115BE6C69B6}
	EndGlobalSection
EndGlobal
